
Microsoft Visual Studio Solution File, Format Version 12.00
# Visual Studio Version 17
VisualStudioVersion = 17.4.33122.133
MinimumVisualStudioVersion = 10.0.40219.1
Project("{FAE04EC0-301F-11D3-BF4B-00C04F79EFBC}") = "ONGs", "ONGs\ONGs.csproj", "{B820E2C5-7B9C-48AA-8D45-3B975C42D243}"
EndProject
Global
	GlobalSection(SolutionConfigurationPlatforms) = preSolution
		Debug|Any CPU = Debug|Any CPU
		Release|Any CPU = Release|Any CPU
	EndGlobalSection
	GlobalSection(ProjectConfigurationPlatforms) = postSolution
		{B820E2C5-7B9C-48AA-8D45-3B975C42D243}.Debug|Any CPU.ActiveCfg = Debug|Any CPU
		{B820E2C5-7B9C-48AA-8D45-3B975C42D243}.Debug|Any CPU.Build.0 = Debug|Any CPU
		{B820E2C5-7B9C-48AA-8D45-3B975C42D243}.Release|Any CPU.ActiveCfg = Release|Any CPU
		{B820E2C5-7B9C-48AA-8D45-3B975C42D243}.Release|Any CPU.Build.0 = Release|Any CPU
	EndGlobalSection
	GlobalSection(SolutionProperties) = preSolution
		HideSolutionNode = FALSE
	EndGlobalSection
	GlobalSection(ExtensibilityGlobals) = postSolution
		SolutionGuid = {2F9F872F-D4CA-4E2D-BFB1-EB0F3131D9CF}
	EndGlobalSection
EndGlobal
